// !$*UTF8*$!
{
	archiveVersion = 1;
	classes = {
	};
	objectVersion = 56;
	objects = {

/* Begin PBXBuildFile section */
		184DAD492B9082AD0022A6B9 /* PBTransactionCategory.swift in Sources */ = {isa = PBXBuildFile; fileRef = 184DAD482B9082AD0022A6B9 /* PBTransactionCategory.swift */; };
		184DAD4D2B9089BC0022A6B9 /* Localizable.strings in Resources */ = {isa = PBXBuildFile; fileRef = 184DAD4F2B9089BC0022A6B9 /* Localizable.strings */; };
		184DAD572B908E030022A6B9 /* String+Localizable.swift in Sources */ = {isa = PBXBuildFile; fileRef = 184DAD562B908E030022A6B9 /* String+Localizable.swift */; };
		184DAD5A2B909AC90022A6B9 /* NetworkMonitor.swift in Sources */ = {isa = PBXBuildFile; fileRef = 184DAD592B909AC90022A6B9 /* NetworkMonitor.swift */; };
		184DAD602B90A3FE0022A6B9 /* Transaction.xcdatamodeld in Sources */ = {isa = PBXBuildFile; fileRef = 184DAD5E2B90A3FE0022A6B9 /* Transaction.xcdatamodeld */; };
		184DAD632B90A71B0022A6B9 /* PersistenceStorageManager.swift in Sources */ = {isa = PBXBuildFile; fileRef = 184DAD622B90A71B0022A6B9 /* PersistenceStorageManager.swift */; };
		184DAD652B90A7D40022A6B9 /* PersistenceStorageManagerError.swift in Sources */ = {isa = PBXBuildFile; fileRef = 184DAD642B90A7D40022A6B9 /* PersistenceStorageManagerError.swift */; };
		184DAD692B90A8B10022A6B9 /* PersistenceStorageService.swift in Sources */ = {isa = PBXBuildFile; fileRef = 184DAD682B90A8B10022A6B9 /* PersistenceStorageService.swift */; };
		184DAD6B2B90A8C90022A6B9 /* PersistenceStorageServiceProtocol.swift in Sources */ = {isa = PBXBuildFile; fileRef = 184DAD6A2B90A8C90022A6B9 /* PersistenceStorageServiceProtocol.swift */; };
		18AB08C42B9103D2008C26FF /* PersistenceStorageManagerProtocol.swift in Sources */ = {isa = PBXBuildFile; fileRef = 18AB08C32B9103D2008C26FF /* PersistenceStorageManagerProtocol.swift */; };
		18AB08CC2B920C76008C26FF /* ServiceAssembly.swift in Sources */ = {isa = PBXBuildFile; fileRef = 18AB08CB2B920C76008C26FF /* ServiceAssembly.swift */; };
		18AB08D02B920DD9008C26FF /* NetworkAssembly.swift in Sources */ = {isa = PBXBuildFile; fileRef = 18AB08CF2B920DD9008C26FF /* NetworkAssembly.swift */; };
		18F6267E2B8E114200662542 /* WorldOfPaybackApp.swift in Sources */ = {isa = PBXBuildFile; fileRef = 18F6267D2B8E114200662542 /* WorldOfPaybackApp.swift */; };
		18F626802B8E114200662542 /* TransactionView.swift in Sources */ = {isa = PBXBuildFile; fileRef = 18F6267F2B8E114200662542 /* TransactionView.swift */; };
		18F626822B8E114400662542 /* Assets.xcassets in Resources */ = {isa = PBXBuildFile; fileRef = 18F626812B8E114400662542 /* Assets.xcassets */; };
		18F626852B8E114400662542 /* Preview Assets.xcassets in Resources */ = {isa = PBXBuildFile; fileRef = 18F626842B8E114400662542 /* Preview Assets.xcassets */; };
		18F6268F2B8E114400662542 /* WorldOfPaybackTests.swift in Sources */ = {isa = PBXBuildFile; fileRef = 18F6268E2B8E114400662542 /* WorldOfPaybackTests.swift */; };
		18F626992B8E114500662542 /* WorldOfPaybackUITests.swift in Sources */ = {isa = PBXBuildFile; fileRef = 18F626982B8E114500662542 /* WorldOfPaybackUITests.swift */; };
		18F6269B2B8E114500662542 /* WorldOfPaybackUITestsLaunchTests.swift in Sources */ = {isa = PBXBuildFile; fileRef = 18F6269A2B8E114500662542 /* WorldOfPaybackUITestsLaunchTests.swift */; };
		18F626A92B8E1B5900662542 /* PBTransaction.swift in Sources */ = {isa = PBXBuildFile; fileRef = 18F626A82B8E1B5900662542 /* PBTransaction.swift */; };
		18F626AC2B8E290200662542 /* TransactionCellView.swift in Sources */ = {isa = PBXBuildFile; fileRef = 18F626AB2B8E290200662542 /* TransactionCellView.swift */; };
		18F626AE2B8E293200662542 /* TransactionDetailedView.swift in Sources */ = {isa = PBXBuildFile; fileRef = 18F626AD2B8E293200662542 /* TransactionDetailedView.swift */; };
		18F626B22B8E2C1200662542 /* TransactionViewModel.swift in Sources */ = {isa = PBXBuildFile; fileRef = 18F626B12B8E2C1200662542 /* TransactionViewModel.swift */; };
		18F626B52B8E2C5300662542 /* HTTPRequestBuilder.swift in Sources */ = {isa = PBXBuildFile; fileRef = 18F626B42B8E2C5300662542 /* HTTPRequestBuilder.swift */; };
		18F626B72B8E2C5E00662542 /* HTTPRequestExecutor.swift in Sources */ = {isa = PBXBuildFile; fileRef = 18F626B62B8E2C5E00662542 /* HTTPRequestExecutor.swift */; };
		18F626BD2B8E2F0500662542 /* HTTPRequestModel.swift in Sources */ = {isa = PBXBuildFile; fileRef = 18F626BC2B8E2F0500662542 /* HTTPRequestModel.swift */; };
		18F626BF2B8E326E00662542 /* HTTPPath.swift in Sources */ = {isa = PBXBuildFile; fileRef = 18F626BE2B8E326E00662542 /* HTTPPath.swift */; };
		18F626C12B8E32DA00662542 /* HTTPMethod.swift in Sources */ = {isa = PBXBuildFile; fileRef = 18F626C02B8E32DA00662542 /* HTTPMethod.swift */; };
		18F626C32B8E345700662542 /* HTTPRequestBuilderError.swift in Sources */ = {isa = PBXBuildFile; fileRef = 18F626C22B8E345700662542 /* HTTPRequestBuilderError.swift */; };
		18F626C52B8E346E00662542 /* HTTPRequestBuilderProtocol.swift in Sources */ = {isa = PBXBuildFile; fileRef = 18F626C42B8E346E00662542 /* HTTPRequestBuilderProtocol.swift */; };
		18F626C72B8E35E000662542 /* HTTPRequest.swift in Sources */ = {isa = PBXBuildFile; fileRef = 18F626C62B8E35E000662542 /* HTTPRequest.swift */; };
		18F626C92B8E367C00662542 /* HTTPRequestModelProtocol.swift in Sources */ = {isa = PBXBuildFile; fileRef = 18F626C82B8E367C00662542 /* HTTPRequestModelProtocol.swift */; };
		18F626CB2B8E3C8900662542 /* NetworkError.swift in Sources */ = {isa = PBXBuildFile; fileRef = 18F626CA2B8E3C8900662542 /* NetworkError.swift */; };
		18F626CD2B8E3C9A00662542 /* HTTPRequestExecutorProtocol.swift in Sources */ = {isa = PBXBuildFile; fileRef = 18F626CC2B8E3C9A00662542 /* HTTPRequestExecutorProtocol.swift */; };
		18F626D02B8E4C7000662542 /* NetworkService.swift in Sources */ = {isa = PBXBuildFile; fileRef = 18F626CF2B8E4C7000662542 /* NetworkService.swift */; };
		18F626D22B8E4D6100662542 /* PBTransactionResponse.swift in Sources */ = {isa = PBXBuildFile; fileRef = 18F626D12B8E4D6100662542 /* PBTransactionResponse.swift */; };
		18F626D42B8E4D9700662542 /* PBTransactionsResponse.swift in Sources */ = {isa = PBXBuildFile; fileRef = 18F626D32B8E4D9700662542 /* PBTransactionsResponse.swift */; };
		18F626D62B8E4EC700662542 /* PBTransactionAliasResponse.swift in Sources */ = {isa = PBXBuildFile; fileRef = 18F626D52B8E4EC700662542 /* PBTransactionAliasResponse.swift */; };
		18F626D82B8E4ED000662542 /* PBTransactionDetailResponse.swift in Sources */ = {isa = PBXBuildFile; fileRef = 18F626D72B8E4ED000662542 /* PBTransactionDetailResponse.swift */; };
		18F626DA2B8E4EDB00662542 /* PBTransactionValueResponse.swift in Sources */ = {isa = PBXBuildFile; fileRef = 18F626D92B8E4EDB00662542 /* PBTransactionValueResponse.swift */; };
		18F626DD2B8E535F00662542 /* HelperUtilities.swift in Sources */ = {isa = PBXBuildFile; fileRef = 18F626DC2B8E535F00662542 /* HelperUtilities.swift */; };
		18F626DF2B8E53D400662542 /* DateFormat.swift in Sources */ = {isa = PBXBuildFile; fileRef = 18F626DE2B8E53D400662542 /* DateFormat.swift */; };
		18F626E12B8E551800662542 /* NetworkServiceProtocol.swift in Sources */ = {isa = PBXBuildFile; fileRef = 18F626E02B8E551800662542 /* NetworkServiceProtocol.swift */; };
		18F626E32B8E681300662542 /* MockNetworkService.swift in Sources */ = {isa = PBXBuildFile; fileRef = 18F626E22B8E681300662542 /* MockNetworkService.swift */; };
		18F626E62B8E689100662542 /* PBTransactions.json in Resources */ = {isa = PBXBuildFile; fileRef = 18F626E52B8E689100662542 /* PBTransactions.json */; };
/* End PBXBuildFile section */

/* Begin PBXContainerItemProxy section */
		18F6268B2B8E114400662542 /* PBXContainerItemProxy */ = {
			isa = PBXContainerItemProxy;
			containerPortal = 18F626722B8E114200662542 /* Project object */;
			proxyType = 1;
			remoteGlobalIDString = 18F626792B8E114200662542;
			remoteInfo = WorldOfPayback;
		};
		18F626952B8E114500662542 /* PBXContainerItemProxy */ = {
			isa = PBXContainerItemProxy;
			containerPortal = 18F626722B8E114200662542 /* Project object */;
			proxyType = 1;
			remoteGlobalIDString = 18F626792B8E114200662542;
			remoteInfo = WorldOfPayback;
		};
/* End PBXContainerItemProxy section */

/* Begin PBXFileReference section */
		184DAD482B9082AD0022A6B9 /* PBTransactionCategory.swift */ = {isa = PBXFileReference; lastKnownFileType = sourcecode.swift; path = PBTransactionCategory.swift; sourceTree = "<group>"; };
		184DAD4E2B9089BC0022A6B9 /* en */ = {isa = PBXFileReference; lastKnownFileType = text.plist.strings; name = en; path = en.lproj/Localizable.strings; sourceTree = "<group>"; };
		184DAD502B9089E10022A6B9 /* pl */ = {isa = PBXFileReference; lastKnownFileType = text.plist.strings; name = pl; path = pl.lproj/Localizable.strings; sourceTree = "<group>"; };
		184DAD562B908E030022A6B9 /* String+Localizable.swift */ = {isa = PBXFileReference; lastKnownFileType = sourcecode.swift; path = "String+Localizable.swift"; sourceTree = "<group>"; };
		184DAD592B909AC90022A6B9 /* NetworkMonitor.swift */ = {isa = PBXFileReference; lastKnownFileType = sourcecode.swift; path = NetworkMonitor.swift; sourceTree = "<group>"; };
		184DAD5F2B90A3FE0022A6B9 /* Transaction.xcdatamodel */ = {isa = PBXFileReference; lastKnownFileType = wrapper.xcdatamodel; path = Transaction.xcdatamodel; sourceTree = "<group>"; };
		184DAD622B90A71B0022A6B9 /* PersistenceStorageManager.swift */ = {isa = PBXFileReference; lastKnownFileType = sourcecode.swift; path = PersistenceStorageManager.swift; sourceTree = "<group>"; };
		184DAD642B90A7D40022A6B9 /* PersistenceStorageManagerError.swift */ = {isa = PBXFileReference; lastKnownFileType = sourcecode.swift; path = PersistenceStorageManagerError.swift; sourceTree = "<group>"; };
		184DAD682B90A8B10022A6B9 /* PersistenceStorageService.swift */ = {isa = PBXFileReference; lastKnownFileType = sourcecode.swift; path = PersistenceStorageService.swift; sourceTree = "<group>"; };
		184DAD6A2B90A8C90022A6B9 /* PersistenceStorageServiceProtocol.swift */ = {isa = PBXFileReference; lastKnownFileType = sourcecode.swift; path = PersistenceStorageServiceProtocol.swift; sourceTree = "<group>"; };
		18AB08C32B9103D2008C26FF /* PersistenceStorageManagerProtocol.swift */ = {isa = PBXFileReference; lastKnownFileType = sourcecode.swift; path = PersistenceStorageManagerProtocol.swift; sourceTree = "<group>"; };
		18AB08CB2B920C76008C26FF /* ServiceAssembly.swift */ = {isa = PBXFileReference; lastKnownFileType = sourcecode.swift; path = ServiceAssembly.swift; sourceTree = "<group>"; };
		18AB08CF2B920DD9008C26FF /* NetworkAssembly.swift */ = {isa = PBXFileReference; lastKnownFileType = sourcecode.swift; path = NetworkAssembly.swift; sourceTree = "<group>"; };
		18F6267A2B8E114200662542 /* WorldOfPayback.app */ = {isa = PBXFileReference; explicitFileType = wrapper.application; includeInIndex = 0; path = WorldOfPayback.app; sourceTree = BUILT_PRODUCTS_DIR; };
		18F6267D2B8E114200662542 /* WorldOfPaybackApp.swift */ = {isa = PBXFileReference; lastKnownFileType = sourcecode.swift; path = WorldOfPaybackApp.swift; sourceTree = "<group>"; };
		18F6267F2B8E114200662542 /* TransactionView.swift */ = {isa = PBXFileReference; lastKnownFileType = sourcecode.swift; path = TransactionView.swift; sourceTree = "<group>"; };
		18F626812B8E114400662542 /* Assets.xcassets */ = {isa = PBXFileReference; lastKnownFileType = folder.assetcatalog; path = Assets.xcassets; sourceTree = "<group>"; };
		18F626842B8E114400662542 /* Preview Assets.xcassets */ = {isa = PBXFileReference; lastKnownFileType = folder.assetcatalog; path = "Preview Assets.xcassets"; sourceTree = "<group>"; };
		18F6268A2B8E114400662542 /* WorldOfPaybackTests.xctest */ = {isa = PBXFileReference; explicitFileType = wrapper.cfbundle; includeInIndex = 0; path = WorldOfPaybackTests.xctest; sourceTree = BUILT_PRODUCTS_DIR; };
		18F6268E2B8E114400662542 /* WorldOfPaybackTests.swift */ = {isa = PBXFileReference; lastKnownFileType = sourcecode.swift; path = WorldOfPaybackTests.swift; sourceTree = "<group>"; };
		18F626942B8E114500662542 /* WorldOfPaybackUITests.xctest */ = {isa = PBXFileReference; explicitFileType = wrapper.cfbundle; includeInIndex = 0; path = WorldOfPaybackUITests.xctest; sourceTree = BUILT_PRODUCTS_DIR; };
		18F626982B8E114500662542 /* WorldOfPaybackUITests.swift */ = {isa = PBXFileReference; lastKnownFileType = sourcecode.swift; path = WorldOfPaybackUITests.swift; sourceTree = "<group>"; };
		18F6269A2B8E114500662542 /* WorldOfPaybackUITestsLaunchTests.swift */ = {isa = PBXFileReference; lastKnownFileType = sourcecode.swift; path = WorldOfPaybackUITestsLaunchTests.swift; sourceTree = "<group>"; };
		18F626A82B8E1B5900662542 /* PBTransaction.swift */ = {isa = PBXFileReference; lastKnownFileType = sourcecode.swift; path = PBTransaction.swift; sourceTree = "<group>"; };
		18F626AB2B8E290200662542 /* TransactionCellView.swift */ = {isa = PBXFileReference; lastKnownFileType = sourcecode.swift; path = TransactionCellView.swift; sourceTree = "<group>"; };
		18F626AD2B8E293200662542 /* TransactionDetailedView.swift */ = {isa = PBXFileReference; lastKnownFileType = sourcecode.swift; path = TransactionDetailedView.swift; sourceTree = "<group>"; };
		18F626B12B8E2C1200662542 /* TransactionViewModel.swift */ = {isa = PBXFileReference; lastKnownFileType = sourcecode.swift; path = TransactionViewModel.swift; sourceTree = "<group>"; };
		18F626B42B8E2C5300662542 /* HTTPRequestBuilder.swift */ = {isa = PBXFileReference; lastKnownFileType = sourcecode.swift; path = HTTPRequestBuilder.swift; sourceTree = "<group>"; };
		18F626B62B8E2C5E00662542 /* HTTPRequestExecutor.swift */ = {isa = PBXFileReference; lastKnownFileType = sourcecode.swift; path = HTTPRequestExecutor.swift; sourceTree = "<group>"; };
		18F626BC2B8E2F0500662542 /* HTTPRequestModel.swift */ = {isa = PBXFileReference; lastKnownFileType = sourcecode.swift; path = HTTPRequestModel.swift; sourceTree = "<group>"; };
		18F626BE2B8E326E00662542 /* HTTPPath.swift */ = {isa = PBXFileReference; lastKnownFileType = sourcecode.swift; path = HTTPPath.swift; sourceTree = "<group>"; };
		18F626C02B8E32DA00662542 /* HTTPMethod.swift */ = {isa = PBXFileReference; lastKnownFileType = sourcecode.swift; path = HTTPMethod.swift; sourceTree = "<group>"; };
		18F626C22B8E345700662542 /* HTTPRequestBuilderError.swift */ = {isa = PBXFileReference; lastKnownFileType = sourcecode.swift; path = HTTPRequestBuilderError.swift; sourceTree = "<group>"; };
		18F626C42B8E346E00662542 /* HTTPRequestBuilderProtocol.swift */ = {isa = PBXFileReference; lastKnownFileType = sourcecode.swift; path = HTTPRequestBuilderProtocol.swift; sourceTree = "<group>"; };
		18F626C62B8E35E000662542 /* HTTPRequest.swift */ = {isa = PBXFileReference; lastKnownFileType = sourcecode.swift; path = HTTPRequest.swift; sourceTree = "<group>"; };
		18F626C82B8E367C00662542 /* HTTPRequestModelProtocol.swift */ = {isa = PBXFileReference; lastKnownFileType = sourcecode.swift; path = HTTPRequestModelProtocol.swift; sourceTree = "<group>"; };
		18F626CA2B8E3C8900662542 /* NetworkError.swift */ = {isa = PBXFileReference; lastKnownFileType = sourcecode.swift; path = NetworkError.swift; sourceTree = "<group>"; };
		18F626CC2B8E3C9A00662542 /* HTTPRequestExecutorProtocol.swift */ = {isa = PBXFileReference; lastKnownFileType = sourcecode.swift; path = HTTPRequestExecutorProtocol.swift; sourceTree = "<group>"; };
		18F626CF2B8E4C7000662542 /* NetworkService.swift */ = {isa = PBXFileReference; lastKnownFileType = sourcecode.swift; path = NetworkService.swift; sourceTree = "<group>"; };
		18F626D12B8E4D6100662542 /* PBTransactionResponse.swift */ = {isa = PBXFileReference; lastKnownFileType = sourcecode.swift; path = PBTransactionResponse.swift; sourceTree = "<group>"; };
		18F626D32B8E4D9700662542 /* PBTransactionsResponse.swift */ = {isa = PBXFileReference; lastKnownFileType = sourcecode.swift; path = PBTransactionsResponse.swift; sourceTree = "<group>"; };
		18F626D52B8E4EC700662542 /* PBTransactionAliasResponse.swift */ = {isa = PBXFileReference; lastKnownFileType = sourcecode.swift; path = PBTransactionAliasResponse.swift; sourceTree = "<group>"; };
		18F626D72B8E4ED000662542 /* PBTransactionDetailResponse.swift */ = {isa = PBXFileReference; lastKnownFileType = sourcecode.swift; path = PBTransactionDetailResponse.swift; sourceTree = "<group>"; };
		18F626D92B8E4EDB00662542 /* PBTransactionValueResponse.swift */ = {isa = PBXFileReference; lastKnownFileType = sourcecode.swift; path = PBTransactionValueResponse.swift; sourceTree = "<group>"; };
		18F626DC2B8E535F00662542 /* HelperUtilities.swift */ = {isa = PBXFileReference; lastKnownFileType = sourcecode.swift; path = HelperUtilities.swift; sourceTree = "<group>"; };
		18F626DE2B8E53D400662542 /* DateFormat.swift */ = {isa = PBXFileReference; lastKnownFileType = sourcecode.swift; path = DateFormat.swift; sourceTree = "<group>"; };
		18F626E02B8E551800662542 /* NetworkServiceProtocol.swift */ = {isa = PBXFileReference; lastKnownFileType = sourcecode.swift; path = NetworkServiceProtocol.swift; sourceTree = "<group>"; };
		18F626E22B8E681300662542 /* MockNetworkService.swift */ = {isa = PBXFileReference; lastKnownFileType = sourcecode.swift; path = MockNetworkService.swift; sourceTree = "<group>"; };
		18F626E52B8E689100662542 /* PBTransactions.json */ = {isa = PBXFileReference; fileEncoding = 4; lastKnownFileType = text.json; path = PBTransactions.json; sourceTree = "<group>"; };
/* End PBXFileReference section */

/* Begin PBXFrameworksBuildPhase section */
		18F626772B8E114200662542 /* Frameworks */ = {
			isa = PBXFrameworksBuildPhase;
			buildActionMask = 2147483647;
			files = (
			);
			runOnlyForDeploymentPostprocessing = 0;
		};
		18F626872B8E114400662542 /* Frameworks */ = {
			isa = PBXFrameworksBuildPhase;
			buildActionMask = 2147483647;
			files = (
			);
			runOnlyForDeploymentPostprocessing = 0;
		};
		18F626912B8E114500662542 /* Frameworks */ = {
			isa = PBXFrameworksBuildPhase;
			buildActionMask = 2147483647;
			files = (
			);
			runOnlyForDeploymentPostprocessing = 0;
		};
/* End PBXFrameworksBuildPhase section */

/* Begin PBXGroup section */
		184DAD4A2B90897F0022A6B9 /* Resources */ = {
			isa = PBXGroup;
			children = (
				18F626812B8E114400662542 /* Assets.xcassets */,
				184DAD4F2B9089BC0022A6B9 /* Localizable.strings */,
				18F626E52B8E689100662542 /* PBTransactions.json */,
			);
			path = Resources;
			sourceTree = "<group>";
		};
		184DAD522B908DAB0022A6B9 /* Localization */ = {
			isa = PBXGroup;
			children = (
				184DAD562B908E030022A6B9 /* String+Localizable.swift */,
			);
			path = Localization;
			sourceTree = "<group>";
		};
		184DAD582B909AC00022A6B9 /* Monitor */ = {
			isa = PBXGroup;
			children = (
				184DAD592B909AC90022A6B9 /* NetworkMonitor.swift */,
			);
			path = Monitor;
			sourceTree = "<group>";
		};
		184DAD5C2B90A3C30022A6B9 /* Backend */ = {
			isa = PBXGroup;
			children = (
				18F626D12B8E4D6100662542 /* PBTransactionResponse.swift */,
				18F626D32B8E4D9700662542 /* PBTransactionsResponse.swift */,
				18F626D52B8E4EC700662542 /* PBTransactionAliasResponse.swift */,
				18F626D72B8E4ED000662542 /* PBTransactionDetailResponse.swift */,
				18F626D92B8E4EDB00662542 /* PBTransactionValueResponse.swift */,
			);
			path = Backend;
			sourceTree = "<group>";
		};
		184DAD5D2B90A3CD0022A6B9 /* Business */ = {
			isa = PBXGroup;
			children = (
				18F626A82B8E1B5900662542 /* PBTransaction.swift */,
				184DAD482B9082AD0022A6B9 /* PBTransactionCategory.swift */,
			);
			path = Business;
			sourceTree = "<group>";
		};
		184DAD612B90A7060022A6B9 /* Core Data */ = {
			isa = PBXGroup;
			children = (
				184DAD622B90A71B0022A6B9 /* PersistenceStorageManager.swift */,
				184DAD642B90A7D40022A6B9 /* PersistenceStorageManagerError.swift */,
				18AB08C32B9103D2008C26FF /* PersistenceStorageManagerProtocol.swift */,
				184DAD5E2B90A3FE0022A6B9 /* Transaction.xcdatamodeld */,
			);
			path = "Core Data";
			sourceTree = "<group>";
		};
		184DAD662B90A89A0022A6B9 /* Network */ = {
			isa = PBXGroup;
			children = (
				18F626CF2B8E4C7000662542 /* NetworkService.swift */,
				18F626E02B8E551800662542 /* NetworkServiceProtocol.swift */,
				18F626E22B8E681300662542 /* MockNetworkService.swift */,
			);
			path = Network;
			sourceTree = "<group>";
		};
		184DAD672B90A89F0022A6B9 /* Core Data */ = {
			isa = PBXGroup;
			children = (
				184DAD682B90A8B10022A6B9 /* PersistenceStorageService.swift */,
				184DAD6A2B90A8C90022A6B9 /* PersistenceStorageServiceProtocol.swift */,
			);
			path = "Core Data";
			sourceTree = "<group>";
		};
		18F626712B8E114200662542 = {
			isa = PBXGroup;
			children = (
				18F6267C2B8E114200662542 /* WorldOfPayback */,
				18F6268D2B8E114400662542 /* WorldOfPaybackTests */,
				18F626972B8E114500662542 /* WorldOfPaybackUITests */,
				18F6267B2B8E114200662542 /* Products */,
			);
			sourceTree = "<group>";
		};
		18F6267B2B8E114200662542 /* Products */ = {
			isa = PBXGroup;
			children = (
				18F6267A2B8E114200662542 /* WorldOfPayback.app */,
				18F6268A2B8E114400662542 /* WorldOfPaybackTests.xctest */,
				18F626942B8E114500662542 /* WorldOfPaybackUITests.xctest */,
			);
			name = Products;
			sourceTree = "<group>";
		};
		18F6267C2B8E114200662542 /* WorldOfPayback */ = {
			isa = PBXGroup;
			children = (
				18F6267D2B8E114200662542 /* WorldOfPaybackApp.swift */,
				18F626B32B8E2C3E00662542 /* Core */,
				18F626A72B8E1B4D00662542 /* Model */,
				18F626CE2B8E4C6400662542 /* Service */,
				18F626AA2B8E28F200662542 /* View */,
				18F626B02B8E2C0200662542 /* ViewModel */,
				18F626832B8E114400662542 /* Preview Content */,
				184DAD4A2B90897F0022A6B9 /* Resources */,
			);
			path = WorldOfPayback;
			sourceTree = "<group>";
		};
		18F626832B8E114400662542 /* Preview Content */ = {
			isa = PBXGroup;
			children = (
				18F626842B8E114400662542 /* Preview Assets.xcassets */,
			);
			path = "Preview Content";
			sourceTree = "<group>";
		};
		18F6268D2B8E114400662542 /* WorldOfPaybackTests */ = {
			isa = PBXGroup;
			children = (
				18F6268E2B8E114400662542 /* WorldOfPaybackTests.swift */,
			);
			path = WorldOfPaybackTests;
			sourceTree = "<group>";
		};
		18F626972B8E114500662542 /* WorldOfPaybackUITests */ = {
			isa = PBXGroup;
			children = (
				18F626982B8E114500662542 /* WorldOfPaybackUITests.swift */,
				18F6269A2B8E114500662542 /* WorldOfPaybackUITestsLaunchTests.swift */,
			);
			path = WorldOfPaybackUITests;
			sourceTree = "<group>";
		};
		18F626A72B8E1B4D00662542 /* Model */ = {
			isa = PBXGroup;
			children = (
				184DAD5D2B90A3CD0022A6B9 /* Business */,
				184DAD5C2B90A3C30022A6B9 /* Backend */,
			);
			path = Model;
			sourceTree = "<group>";
		};
		18F626AA2B8E28F200662542 /* View */ = {
			isa = PBXGroup;
			children = (
				18F6267F2B8E114200662542 /* TransactionView.swift */,
				18F626AB2B8E290200662542 /* TransactionCellView.swift */,
				18F626AD2B8E293200662542 /* TransactionDetailedView.swift */,
			);
			path = View;
			sourceTree = "<group>";
		};
		18F626B02B8E2C0200662542 /* ViewModel */ = {
			isa = PBXGroup;
			children = (
				18F626B12B8E2C1200662542 /* TransactionViewModel.swift */,
			);
			path = ViewModel;
			sourceTree = "<group>";
		};
		18F626B32B8E2C3E00662542 /* Core */ = {
			isa = PBXGroup;
			children = (
				184DAD612B90A7060022A6B9 /* Core Data */,
				184DAD522B908DAB0022A6B9 /* Localization */,
				18F626DB2B8E535300662542 /* HelperUtils */,
				18F626B82B8E2ECE00662542 /* Network */,
			);
			path = Core;
			sourceTree = "<group>";
		};
		18F626B82B8E2ECE00662542 /* Network */ = {
			isa = PBXGroup;
			children = (
				18AB08CF2B920DD9008C26FF /* NetworkAssembly.swift */,
				184DAD582B909AC00022A6B9 /* Monitor */,
				18F626BB2B8E2EDD00662542 /* Component */,
				18F626BA2B8E2ED800662542 /* Builder */,
				18F626B92B8E2ED300662542 /* Executor */,
			);
			path = Network;
			sourceTree = "<group>";
		};
		18F626B92B8E2ED300662542 /* Executor */ = {
			isa = PBXGroup;
			children = (
				18F626B62B8E2C5E00662542 /* HTTPRequestExecutor.swift */,
				18F626CC2B8E3C9A00662542 /* HTTPRequestExecutorProtocol.swift */,
				18F626CA2B8E3C8900662542 /* NetworkError.swift */,
			);
			path = Executor;
			sourceTree = "<group>";
		};
		18F626BA2B8E2ED800662542 /* Builder */ = {
			isa = PBXGroup;
			children = (
				18F626B42B8E2C5300662542 /* HTTPRequestBuilder.swift */,
				18F626C22B8E345700662542 /* HTTPRequestBuilderError.swift */,
				18F626C42B8E346E00662542 /* HTTPRequestBuilderProtocol.swift */,
				18F626BC2B8E2F0500662542 /* HTTPRequestModel.swift */,
				18F626C82B8E367C00662542 /* HTTPRequestModelProtocol.swift */,
			);
			path = Builder;
			sourceTree = "<group>";
		};
		18F626BB2B8E2EDD00662542 /* Component */ = {
			isa = PBXGroup;
			children = (
				18F626C02B8E32DA00662542 /* HTTPMethod.swift */,
				18F626BE2B8E326E00662542 /* HTTPPath.swift */,
				18F626C62B8E35E000662542 /* HTTPRequest.swift */,
			);
			path = Component;
			sourceTree = "<group>";
		};
		18F626CE2B8E4C6400662542 /* Service */ = {
			isa = PBXGroup;
			children = (
				18AB08CB2B920C76008C26FF /* ServiceAssembly.swift */,
				184DAD672B90A89F0022A6B9 /* Core Data */,
				184DAD662B90A89A0022A6B9 /* Network */,
			);
			path = Service;
			sourceTree = "<group>";
		};
		18F626DB2B8E535300662542 /* HelperUtils */ = {
			isa = PBXGroup;
			children = (
				18F626DC2B8E535F00662542 /* HelperUtilities.swift */,
				18F626DE2B8E53D400662542 /* DateFormat.swift */,
			);
			path = HelperUtils;
			sourceTree = "<group>";
		};
/* End PBXGroup section */

/* Begin PBXNativeTarget section */
		18F626792B8E114200662542 /* WorldOfPayback */ = {
			isa = PBXNativeTarget;
			buildConfigurationList = 18F6269E2B8E114500662542 /* Build configuration list for PBXNativeTarget "WorldOfPayback" */;
			buildPhases = (
				18F626762B8E114200662542 /* Sources */,
				18F626772B8E114200662542 /* Frameworks */,
				18F626782B8E114200662542 /* Resources */,
			);
			buildRules = (
			);
			dependencies = (
			);
			name = WorldOfPayback;
			productName = WorldOfPayback;
			productReference = 18F6267A2B8E114200662542 /* WorldOfPayback.app */;
			productType = "com.apple.product-type.application";
		};
		18F626892B8E114400662542 /* WorldOfPaybackTests */ = {
			isa = PBXNativeTarget;
			buildConfigurationList = 18F626A12B8E114500662542 /* Build configuration list for PBXNativeTarget "WorldOfPaybackTests" */;
			buildPhases = (
				18F626862B8E114400662542 /* Sources */,
				18F626872B8E114400662542 /* Frameworks */,
				18F626882B8E114400662542 /* Resources */,
			);
			buildRules = (
			);
			dependencies = (
				18F6268C2B8E114400662542 /* PBXTargetDependency */,
			);
			name = WorldOfPaybackTests;
			productName = WorldOfPaybackTests;
			productReference = 18F6268A2B8E114400662542 /* WorldOfPaybackTests.xctest */;
			productType = "com.apple.product-type.bundle.unit-test";
		};
		18F626932B8E114500662542 /* WorldOfPaybackUITests */ = {
			isa = PBXNativeTarget;
			buildConfigurationList = 18F626A42B8E114500662542 /* Build configuration list for PBXNativeTarget "WorldOfPaybackUITests" */;
			buildPhases = (
				18F626902B8E114500662542 /* Sources */,
				18F626912B8E114500662542 /* Frameworks */,
				18F626922B8E114500662542 /* Resources */,
			);
			buildRules = (
			);
			dependencies = (
				18F626962B8E114500662542 /* PBXTargetDependency */,
			);
			name = WorldOfPaybackUITests;
			productName = WorldOfPaybackUITests;
			productReference = 18F626942B8E114500662542 /* WorldOfPaybackUITests.xctest */;
			productType = "com.apple.product-type.bundle.ui-testing";
		};
/* End PBXNativeTarget section */

/* Begin PBXProject section */
		18F626722B8E114200662542 /* Project object */ = {
			isa = PBXProject;
			attributes = {
				BuildIndependentTargetsInParallel = 1;
				LastSwiftUpdateCheck = 1420;
				LastUpgradeCheck = 1420;
				TargetAttributes = {
					18F626792B8E114200662542 = {
						CreatedOnToolsVersion = 14.2;
					};
					18F626892B8E114400662542 = {
						CreatedOnToolsVersion = 14.2;
						TestTargetID = 18F626792B8E114200662542;
					};
					18F626932B8E114500662542 = {
						CreatedOnToolsVersion = 14.2;
						TestTargetID = 18F626792B8E114200662542;
					};
				};
			};
			buildConfigurationList = 18F626752B8E114200662542 /* Build configuration list for PBXProject "WorldOfPayback" */;
			compatibilityVersion = "Xcode 14.0";
			developmentRegion = en;
			hasScannedForEncodings = 0;
			knownRegions = (
				en,
				Base,
				pl,
			);
			mainGroup = 18F626712B8E114200662542;
			productRefGroup = 18F6267B2B8E114200662542 /* Products */;
			projectDirPath = "";
			projectRoot = "";
			targets = (
				18F626792B8E114200662542 /* WorldOfPayback */,
				18F626892B8E114400662542 /* WorldOfPaybackTests */,
				18F626932B8E114500662542 /* WorldOfPaybackUITests */,
			);
		};
/* End PBXProject section */

/* Begin PBXResourcesBuildPhase section */
		18F626782B8E114200662542 /* Resources */ = {
			isa = PBXResourcesBuildPhase;
			buildActionMask = 2147483647;
			files = (
				18F626852B8E114400662542 /* Preview Assets.xcassets in Resources */,
				184DAD4D2B9089BC0022A6B9 /* Localizable.strings in Resources */,
				18F626E62B8E689100662542 /* PBTransactions.json in Resources */,
				18F626822B8E114400662542 /* Assets.xcassets in Resources */,
			);
			runOnlyForDeploymentPostprocessing = 0;
		};
		18F626882B8E114400662542 /* Resources */ = {
			isa = PBXResourcesBuildPhase;
			buildActionMask = 2147483647;
			files = (
			);
			runOnlyForDeploymentPostprocessing = 0;
		};
		18F626922B8E114500662542 /* Resources */ = {
			isa = PBXResourcesBuildPhase;
			buildActionMask = 2147483647;
			files = (
			);
			runOnlyForDeploymentPostprocessing = 0;
		};
/* End PBXResourcesBuildPhase section */

/* Begin PBXSourcesBuildPhase section */
		18F626762B8E114200662542 /* Sources */ = {
			isa = PBXSourcesBuildPhase;
			buildActionMask = 2147483647;
			files = (
				18F626C52B8E346E00662542 /* HTTPRequestBuilderProtocol.swift in Sources */,
				18F626DA2B8E4EDB00662542 /* PBTransactionValueResponse.swift in Sources */,
				18F626CB2B8E3C8900662542 /* NetworkError.swift in Sources */,
				18F626A92B8E1B5900662542 /* PBTransaction.swift in Sources */,
				18F626AC2B8E290200662542 /* TransactionCellView.swift in Sources */,
				18AB08C42B9103D2008C26FF /* PersistenceStorageManagerProtocol.swift in Sources */,
				18F626DD2B8E535F00662542 /* HelperUtilities.swift in Sources */,
				18F626E32B8E681300662542 /* MockNetworkService.swift in Sources */,
				184DAD602B90A3FE0022A6B9 /* Transaction.xcdatamodeld in Sources */,
				184DAD5A2B909AC90022A6B9 /* NetworkMonitor.swift in Sources */,
				18F626D02B8E4C7000662542 /* NetworkService.swift in Sources */,
				184DAD492B9082AD0022A6B9 /* PBTransactionCategory.swift in Sources */,
				18F626D22B8E4D6100662542 /* PBTransactionResponse.swift in Sources */,
				18F626AE2B8E293200662542 /* TransactionDetailedView.swift in Sources */,
				18AB08D02B920DD9008C26FF /* NetworkAssembly.swift in Sources */,
				184DAD692B90A8B10022A6B9 /* PersistenceStorageService.swift in Sources */,
				18F626C12B8E32DA00662542 /* HTTPMethod.swift in Sources */,
				18F626802B8E114200662542 /* TransactionView.swift in Sources */,
				184DAD632B90A71B0022A6B9 /* PersistenceStorageManager.swift in Sources */,
				184DAD6B2B90A8C90022A6B9 /* PersistenceStorageServiceProtocol.swift in Sources */,
				18F626D42B8E4D9700662542 /* PBTransactionsResponse.swift in Sources */,
				18F626C92B8E367C00662542 /* HTTPRequestModelProtocol.swift in Sources */,
				18F626B72B8E2C5E00662542 /* HTTPRequestExecutor.swift in Sources */,
				18F626C32B8E345700662542 /* HTTPRequestBuilderError.swift in Sources */,
				18F6267E2B8E114200662542 /* WorldOfPaybackApp.swift in Sources */,
				18F626D62B8E4EC700662542 /* PBTransactionAliasResponse.swift in Sources */,
				18F626BF2B8E326E00662542 /* HTTPPath.swift in Sources */,
				18F626CD2B8E3C9A00662542 /* HTTPRequestExecutorProtocol.swift in Sources */,
				18AB08CC2B920C76008C26FF /* ServiceAssembly.swift in Sources */,
				18F626BD2B8E2F0500662542 /* HTTPRequestModel.swift in Sources */,
				184DAD652B90A7D40022A6B9 /* PersistenceStorageManagerError.swift in Sources */,
				18F626D82B8E4ED000662542 /* PBTransactionDetailResponse.swift in Sources */,
				18F626C72B8E35E000662542 /* HTTPRequest.swift in Sources */,
				18F626B22B8E2C1200662542 /* TransactionViewModel.swift in Sources */,
				18F626DF2B8E53D400662542 /* DateFormat.swift in Sources */,
				18F626E12B8E551800662542 /* NetworkServiceProtocol.swift in Sources */,
				18F626B52B8E2C5300662542 /* HTTPRequestBuilder.swift in Sources */,
				184DAD572B908E030022A6B9 /* String+Localizable.swift in Sources */,
			);
			runOnlyForDeploymentPostprocessing = 0;
		};
		18F626862B8E114400662542 /* Sources */ = {
			isa = PBXSourcesBuildPhase;
			buildActionMask = 2147483647;
			files = (
				18F6268F2B8E114400662542 /* WorldOfPaybackTests.swift in Sources */,
			);
			runOnlyForDeploymentPostprocessing = 0;
		};
		18F626902B8E114500662542 /* Sources */ = {
			isa = PBXSourcesBuildPhase;
			buildActionMask = 2147483647;
			files = (
				18F6269B2B8E114500662542 /* WorldOfPaybackUITestsLaunchTests.swift in Sources */,
				18F626992B8E114500662542 /* WorldOfPaybackUITests.swift in Sources */,
			);
			runOnlyForDeploymentPostprocessing = 0;
		};
/* End PBXSourcesBuildPhase section */

/* Begin PBXTargetDependency section */
		18F6268C2B8E114400662542 /* PBXTargetDependency */ = {
			isa = PBXTargetDependency;
			target = 18F626792B8E114200662542 /* WorldOfPayback */;
			targetProxy = 18F6268B2B8E114400662542 /* PBXContainerItemProxy */;
		};
		18F626962B8E114500662542 /* PBXTargetDependency */ = {
			isa = PBXTargetDependency;
			target = 18F626792B8E114200662542 /* WorldOfPayback */;
			targetProxy = 18F626952B8E114500662542 /* PBXContainerItemProxy */;
		};
/* End PBXTargetDependency section */

/* Begin PBXVariantGroup section */
		184DAD4F2B9089BC0022A6B9 /* Localizable.strings */ = {
			isa = PBXVariantGroup;
			children = (
				184DAD4E2B9089BC0022A6B9 /* en */,
				184DAD502B9089E10022A6B9 /* pl */,
			);
			name = Localizable.strings;
			sourceTree = "<group>";
		};
/* End PBXVariantGroup section */

/* Begin XCBuildConfiguration section */
		18AB08C52B91E6F5008C26FF /* Prod */ = {
			isa = XCBuildConfiguration;
			buildSettings = {
				ALWAYS_SEARCH_USER_PATHS = NO;
				CLANG_ANALYZER_LOCALIZABILITY_NONLOCALIZED = YES;
				CLANG_ANALYZER_NONNULL = YES;
				CLANG_ANALYZER_NUMBER_OBJECT_CONVERSION = YES_AGGRESSIVE;
				CLANG_CXX_LANGUAGE_STANDARD = "gnu++20";
				CLANG_ENABLE_MODULES = YES;
				CLANG_ENABLE_OBJC_ARC = YES;
				CLANG_ENABLE_OBJC_WEAK = YES;
				CLANG_WARN_BLOCK_CAPTURE_AUTORELEASING = YES;
				CLANG_WARN_BOOL_CONVERSION = YES;
				CLANG_WARN_COMMA = YES;
				CLANG_WARN_CONSTANT_CONVERSION = YES;
				CLANG_WARN_DEPRECATED_OBJC_IMPLEMENTATIONS = YES;
				CLANG_WARN_DIRECT_OBJC_ISA_USAGE = YES_ERROR;
				CLANG_WARN_DOCUMENTATION_COMMENTS = YES;
				CLANG_WARN_EMPTY_BODY = YES;
				CLANG_WARN_ENUM_CONVERSION = YES;
				CLANG_WARN_INFINITE_RECURSION = YES;
				CLANG_WARN_INT_CONVERSION = YES;
				CLANG_WARN_NON_LITERAL_NULL_CONVERSION = YES;
				CLANG_WARN_OBJC_IMPLICIT_RETAIN_SELF = YES;
				CLANG_WARN_OBJC_LITERAL_CONVERSION = YES;
				CLANG_WARN_OBJC_ROOT_CLASS = YES_ERROR;
				CLANG_WARN_QUOTED_INCLUDE_IN_FRAMEWORK_HEADER = YES;
				CLANG_WARN_RANGE_LOOP_ANALYSIS = YES;
				CLANG_WARN_STRICT_PROTOTYPES = YES;
				CLANG_WARN_SUSPICIOUS_MOVE = YES;
				CLANG_WARN_UNGUARDED_AVAILABILITY = YES_AGGRESSIVE;
				CLANG_WARN_UNREACHABLE_CODE = YES;
				CLANG_WARN__DUPLICATE_METHOD_MATCH = YES;
				COPY_PHASE_STRIP = NO;
				DEBUG_INFORMATION_FORMAT = "dwarf-with-dsym";
				ENABLE_NS_ASSERTIONS = NO;
				ENABLE_STRICT_OBJC_MSGSEND = YES;
				GCC_C_LANGUAGE_STANDARD = gnu11;
				GCC_NO_COMMON_BLOCKS = YES;
				GCC_WARN_64_TO_32_BIT_CONVERSION = YES;
				GCC_WARN_ABOUT_RETURN_TYPE = YES_ERROR;
				GCC_WARN_UNDECLARED_SELECTOR = YES;
				GCC_WARN_UNINITIALIZED_AUTOS = YES_AGGRESSIVE;
				GCC_WARN_UNUSED_FUNCTION = YES;
				GCC_WARN_UNUSED_VARIABLE = YES;
				IPHONEOS_DEPLOYMENT_TARGET = 16.2;
				MTL_ENABLE_DEBUG_INFO = NO;
				MTL_FAST_MATH = YES;
				SDKROOT = iphoneos;
				SWIFT_ACTIVE_COMPILATION_CONDITIONS = PROD;
				SWIFT_COMPILATION_MODE = wholemodule;
				SWIFT_OPTIMIZATION_LEVEL = "-O";
				VALIDATE_PRODUCT = YES;
			};
			name = Prod;
		};
		18AB08C62B91E6F5008C26FF /* Prod */ = {
			isa = XCBuildConfiguration;
			buildSettings = {
				ASSETCATALOG_COMPILER_APPICON_NAME = AppIcon;
				ASSETCATALOG_COMPILER_GLOBAL_ACCENT_COLOR_NAME = AccentColor;
				CODE_SIGN_STYLE = Automatic;
				CURRENT_PROJECT_VERSION = 1;
				DEVELOPMENT_ASSET_PATHS = "\"WorldOfPayback/Preview Content\"";
				DEVELOPMENT_TEAM = H568TQC48W;
				ENABLE_PREVIEWS = YES;
				GENERATE_INFOPLIST_FILE = YES;
				INFOPLIST_KEY_UIApplicationSceneManifest_Generation = YES;
				INFOPLIST_KEY_UIApplicationSupportsIndirectInputEvents = YES;
				INFOPLIST_KEY_UILaunchScreen_Generation = YES;
				INFOPLIST_KEY_UISupportedInterfaceOrientations_iPad = "UIInterfaceOrientationPortrait UIInterfaceOrientationPortraitUpsideDown UIInterfaceOrientationLandscapeLeft UIInterfaceOrientationLandscapeRight";
				INFOPLIST_KEY_UISupportedInterfaceOrientations_iPhone = "UIInterfaceOrientationPortrait UIInterfaceOrientationLandscapeLeft UIInterfaceOrientationLandscapeRight";
				IPHONEOS_DEPLOYMENT_TARGET = 15.0;
				LD_RUNPATH_SEARCH_PATHS = (
					"$(inherited)",
					"@executable_path/Frameworks",
				);
				MARKETING_VERSION = 1.0;
				PRODUCT_BUNDLE_IDENTIFIER = KA.WorldOfPayback;
				PRODUCT_NAME = "$(TARGET_NAME)";
				SWIFT_EMIT_LOC_STRINGS = YES;
				SWIFT_VERSION = 5.0;
				TARGETED_DEVICE_FAMILY = "1,2";
				baseURL = "https://api.payback.com";
			};
			name = Prod;
		};
		18AB08C72B91E6F5008C26FF /* Prod */ = {
			isa = XCBuildConfiguration;
			buildSettings = {
				ALWAYS_EMBED_SWIFT_STANDARD_LIBRARIES = YES;
				BUNDLE_LOADER = "$(TEST_HOST)";
				CODE_SIGN_STYLE = Automatic;
				CURRENT_PROJECT_VERSION = 1;
				DEVELOPMENT_TEAM = H568TQC48W;
				GENERATE_INFOPLIST_FILE = YES;
				IPHONEOS_DEPLOYMENT_TARGET = 16.2;
				MARKETING_VERSION = 1.0;
				PRODUCT_BUNDLE_IDENTIFIER = KA.WorldOfPaybackTests;
				PRODUCT_NAME = "$(TARGET_NAME)";
				SWIFT_EMIT_LOC_STRINGS = NO;
				SWIFT_VERSION = 5.0;
				TARGETED_DEVICE_FAMILY = "1,2";
				TEST_HOST = "$(BUILT_PRODUCTS_DIR)/WorldOfPayback.app/$(BUNDLE_EXECUTABLE_FOLDER_PATH)/WorldOfPayback";
			};
			name = Prod;
		};
		18AB08C82B91E6F5008C26FF /* Prod */ = {
			isa = XCBuildConfiguration;
			buildSettings = {
				ALWAYS_EMBED_SWIFT_STANDARD_LIBRARIES = YES;
				CODE_SIGN_STYLE = Automatic;
				CURRENT_PROJECT_VERSION = 1;
				DEVELOPMENT_TEAM = H568TQC48W;
				GENERATE_INFOPLIST_FILE = YES;
				MARKETING_VERSION = 1.0;
				PRODUCT_BUNDLE_IDENTIFIER = KA.WorldOfPaybackUITests;
				PRODUCT_NAME = "$(TARGET_NAME)";
				SWIFT_EMIT_LOC_STRINGS = NO;
				SWIFT_VERSION = 5.0;
				TARGETED_DEVICE_FAMILY = "1,2";
				TEST_TARGET_NAME = WorldOfPayback;
			};
			name = Prod;
		};
		18F6269C2B8E114500662542 /* Debug */ = {
			isa = XCBuildConfiguration;
			buildSettings = {
				ALWAYS_SEARCH_USER_PATHS = NO;
				CLANG_ANALYZER_LOCALIZABILITY_NONLOCALIZED = YES;
				CLANG_ANALYZER_NONNULL = YES;
				CLANG_ANALYZER_NUMBER_OBJECT_CONVERSION = YES_AGGRESSIVE;
				CLANG_CXX_LANGUAGE_STANDARD = "gnu++20";
				CLANG_ENABLE_MODULES = YES;
				CLANG_ENABLE_OBJC_ARC = YES;
				CLANG_ENABLE_OBJC_WEAK = YES;
				CLANG_WARN_BLOCK_CAPTURE_AUTORELEASING = YES;
				CLANG_WARN_BOOL_CONVERSION = YES;
				CLANG_WARN_COMMA = YES;
				CLANG_WARN_CONSTANT_CONVERSION = YES;
				CLANG_WARN_DEPRECATED_OBJC_IMPLEMENTATIONS = YES;
				CLANG_WARN_DIRECT_OBJC_ISA_USAGE = YES_ERROR;
				CLANG_WARN_DOCUMENTATION_COMMENTS = YES;
				CLANG_WARN_EMPTY_BODY = YES;
				CLANG_WARN_ENUM_CONVERSION = YES;
				CLANG_WARN_INFINITE_RECURSION = YES;
				CLANG_WARN_INT_CONVERSION = YES;
				CLANG_WARN_NON_LITERAL_NULL_CONVERSION = YES;
				CLANG_WARN_OBJC_IMPLICIT_RETAIN_SELF = YES;
				CLANG_WARN_OBJC_LITERAL_CONVERSION = YES;
				CLANG_WARN_OBJC_ROOT_CLASS = YES_ERROR;
				CLANG_WARN_QUOTED_INCLUDE_IN_FRAMEWORK_HEADER = YES;
				CLANG_WARN_RANGE_LOOP_ANALYSIS = YES;
				CLANG_WARN_STRICT_PROTOTYPES = YES;
				CLANG_WARN_SUSPICIOUS_MOVE = YES;
				CLANG_WARN_UNGUARDED_AVAILABILITY = YES_AGGRESSIVE;
				CLANG_WARN_UNREACHABLE_CODE = YES;
				CLANG_WARN__DUPLICATE_METHOD_MATCH = YES;
				COPY_PHASE_STRIP = NO;
				DEBUG_INFORMATION_FORMAT = dwarf;
				ENABLE_STRICT_OBJC_MSGSEND = YES;
				ENABLE_TESTABILITY = YES;
				GCC_C_LANGUAGE_STANDARD = gnu11;
				GCC_DYNAMIC_NO_PIC = NO;
				GCC_NO_COMMON_BLOCKS = YES;
				GCC_OPTIMIZATION_LEVEL = 0;
				GCC_PREPROCESSOR_DEFINITIONS = (
					"DEBUG=1",
					"$(inherited)",
				);
				GCC_WARN_64_TO_32_BIT_CONVERSION = YES;
				GCC_WARN_ABOUT_RETURN_TYPE = YES_ERROR;
				GCC_WARN_UNDECLARED_SELECTOR = YES;
				GCC_WARN_UNINITIALIZED_AUTOS = YES_AGGRESSIVE;
				GCC_WARN_UNUSED_FUNCTION = YES;
				GCC_WARN_UNUSED_VARIABLE = YES;
				IPHONEOS_DEPLOYMENT_TARGET = 16.2;
				MTL_ENABLE_DEBUG_INFO = INCLUDE_SOURCE;
				MTL_FAST_MATH = YES;
				ONLY_ACTIVE_ARCH = YES;
				SDKROOT = iphoneos;
				SWIFT_ACTIVE_COMPILATION_CONDITIONS = DEBUG;
				SWIFT_OPTIMIZATION_LEVEL = "-Onone";
			};
			name = Debug;
		};
		18F6269D2B8E114500662542 /* Release */ = {
			isa = XCBuildConfiguration;
			buildSettings = {
				ALWAYS_SEARCH_USER_PATHS = NO;
				CLANG_ANALYZER_LOCALIZABILITY_NONLOCALIZED = YES;
				CLANG_ANALYZER_NONNULL = YES;
				CLANG_ANALYZER_NUMBER_OBJECT_CONVERSION = YES_AGGRESSIVE;
				CLANG_CXX_LANGUAGE_STANDARD = "gnu++20";
				CLANG_ENABLE_MODULES = YES;
				CLANG_ENABLE_OBJC_ARC = YES;
				CLANG_ENABLE_OBJC_WEAK = YES;
				CLANG_WARN_BLOCK_CAPTURE_AUTORELEASING = YES;
				CLANG_WARN_BOOL_CONVERSION = YES;
				CLANG_WARN_COMMA = YES;
				CLANG_WARN_CONSTANT_CONVERSION = YES;
				CLANG_WARN_DEPRECATED_OBJC_IMPLEMENTATIONS = YES;
				CLANG_WARN_DIRECT_OBJC_ISA_USAGE = YES_ERROR;
				CLANG_WARN_DOCUMENTATION_COMMENTS = YES;
				CLANG_WARN_EMPTY_BODY = YES;
				CLANG_WARN_ENUM_CONVERSION = YES;
				CLANG_WARN_INFINITE_RECURSION = YES;
				CLANG_WARN_INT_CONVERSION = YES;
				CLANG_WARN_NON_LITERAL_NULL_CONVERSION = YES;
				CLANG_WARN_OBJC_IMPLICIT_RETAIN_SELF = YES;
				CLANG_WARN_OBJC_LITERAL_CONVERSION = YES;
				CLANG_WARN_OBJC_ROOT_CLASS = YES_ERROR;
				CLANG_WARN_QUOTED_INCLUDE_IN_FRAMEWORK_HEADER = YES;
				CLANG_WARN_RANGE_LOOP_ANALYSIS = YES;
				CLANG_WARN_STRICT_PROTOTYPES = YES;
				CLANG_WARN_SUSPICIOUS_MOVE = YES;
				CLANG_WARN_UNGUARDED_AVAILABILITY = YES_AGGRESSIVE;
				CLANG_WARN_UNREACHABLE_CODE = YES;
				CLANG_WARN__DUPLICATE_METHOD_MATCH = YES;
				COPY_PHASE_STRIP = NO;
				DEBUG_INFORMATION_FORMAT = "dwarf-with-dsym";
				ENABLE_NS_ASSERTIONS = NO;
				ENABLE_STRICT_OBJC_MSGSEND = YES;
				GCC_C_LANGUAGE_STANDARD = gnu11;
				GCC_NO_COMMON_BLOCKS = YES;
				GCC_WARN_64_TO_32_BIT_CONVERSION = YES;
				GCC_WARN_ABOUT_RETURN_TYPE = YES_ERROR;
				GCC_WARN_UNDECLARED_SELECTOR = YES;
				GCC_WARN_UNINITIALIZED_AUTOS = YES_AGGRESSIVE;
				GCC_WARN_UNUSED_FUNCTION = YES;
				GCC_WARN_UNUSED_VARIABLE = YES;
				IPHONEOS_DEPLOYMENT_TARGET = 16.2;
				MTL_ENABLE_DEBUG_INFO = NO;
				MTL_FAST_MATH = YES;
				SDKROOT = iphoneos;
				SWIFT_ACTIVE_COMPILATION_CONDITIONS = RELEASE;
				SWIFT_COMPILATION_MODE = wholemodule;
				SWIFT_OPTIMIZATION_LEVEL = "-O";
				VALIDATE_PRODUCT = YES;
			};
			name = Release;
		};
		18F6269F2B8E114500662542 /* Debug */ = {
			isa = XCBuildConfiguration;
			buildSettings = {
				ASSETCATALOG_COMPILER_APPICON_NAME = AppIcon;
				ASSETCATALOG_COMPILER_GLOBAL_ACCENT_COLOR_NAME = AccentColor;
				CODE_SIGN_STYLE = Automatic;
				CURRENT_PROJECT_VERSION = 1;
				DEVELOPMENT_ASSET_PATHS = "\"WorldOfPayback/Preview Content\"";
				DEVELOPMENT_TEAM = H568TQC48W;
				ENABLE_PREVIEWS = YES;
				GENERATE_INFOPLIST_FILE = YES;
				INFOPLIST_KEY_UIApplicationSceneManifest_Generation = YES;
				INFOPLIST_KEY_UIApplicationSupportsIndirectInputEvents = YES;
				INFOPLIST_KEY_UILaunchScreen_Generation = YES;
				INFOPLIST_KEY_UISupportedInterfaceOrientations_iPad = "UIInterfaceOrientationPortrait UIInterfaceOrientationPortraitUpsideDown UIInterfaceOrientationLandscapeLeft UIInterfaceOrientationLandscapeRight";
				INFOPLIST_KEY_UISupportedInterfaceOrientations_iPhone = "UIInterfaceOrientationPortrait UIInterfaceOrientationLandscapeLeft UIInterfaceOrientationLandscapeRight";
				IPHONEOS_DEPLOYMENT_TARGET = 15.0;
				LD_RUNPATH_SEARCH_PATHS = (
					"$(inherited)",
					"@executable_path/Frameworks",
				);
				MARKETING_VERSION = 1.0;
				PRODUCT_BUNDLE_IDENTIFIER = KA.WorldOfPayback;
				PRODUCT_NAME = "$(TARGET_NAME)";
				SWIFT_EMIT_LOC_STRINGS = YES;
				SWIFT_VERSION = 5.0;
				TARGETED_DEVICE_FAMILY = "1,2";
				baseURL = "https://api-test.payback.com";
			};
			name = Debug;
		};
		18F626A02B8E114500662542 /* Release */ = {
			isa = XCBuildConfiguration;
			buildSettings = {
				ASSETCATALOG_COMPILER_APPICON_NAME = AppIcon;
				ASSETCATALOG_COMPILER_GLOBAL_ACCENT_COLOR_NAME = AccentColor;
				CODE_SIGN_STYLE = Automatic;
				CURRENT_PROJECT_VERSION = 1;
				DEVELOPMENT_ASSET_PATHS = "\"WorldOfPayback/Preview Content\"";
				DEVELOPMENT_TEAM = H568TQC48W;
				ENABLE_PREVIEWS = YES;
				GENERATE_INFOPLIST_FILE = YES;
				INFOPLIST_KEY_UIApplicationSceneManifest_Generation = YES;
				INFOPLIST_KEY_UIApplicationSupportsIndirectInputEvents = YES;
				INFOPLIST_KEY_UILaunchScreen_Generation = YES;
				INFOPLIST_KEY_UISupportedInterfaceOrientations_iPad = "UIInterfaceOrientationPortrait UIInterfaceOrientationPortraitUpsideDown UIInterfaceOrientationLandscapeLeft UIInterfaceOrientationLandscapeRight";
				INFOPLIST_KEY_UISupportedInterfaceOrientations_iPhone = "UIInterfaceOrientationPortrait UIInterfaceOrientationLandscapeLeft UIInterfaceOrientationLandscapeRight";
				IPHONEOS_DEPLOYMENT_TARGET = 15.0;
				LD_RUNPATH_SEARCH_PATHS = (
					"$(inherited)",
					"@executable_path/Frameworks",
				);
				MARKETING_VERSION = 1.0;
				PRODUCT_BUNDLE_IDENTIFIER = KA.WorldOfPayback;
				PRODUCT_NAME = "$(TARGET_NAME)";
				SWIFT_EMIT_LOC_STRINGS = YES;
				SWIFT_VERSION = 5.0;
				TARGETED_DEVICE_FAMILY = "1,2";
				baseURL = "https://api.payback.com";
			};
			name = Release;
		};
		18F626A22B8E114500662542 /* Debug */ = {
			isa = XCBuildConfiguration;
			buildSettings = {
				ALWAYS_EMBED_SWIFT_STANDARD_LIBRARIES = YES;
				BUNDLE_LOADER = "$(TEST_HOST)";
				CODE_SIGN_STYLE = Automatic;
				CURRENT_PROJECT_VERSION = 1;
				DEVELOPMENT_TEAM = H568TQC48W;
				GENERATE_INFOPLIST_FILE = YES;
				IPHONEOS_DEPLOYMENT_TARGET = 16.2;
				MARKETING_VERSION = 1.0;
				PRODUCT_BUNDLE_IDENTIFIER = KA.WorldOfPaybackTests;
				PRODUCT_NAME = "$(TARGET_NAME)";
				SWIFT_EMIT_LOC_STRINGS = NO;
				SWIFT_VERSION = 5.0;
				TARGETED_DEVICE_FAMILY = "1,2";
				TEST_HOST = "$(BUILT_PRODUCTS_DIR)/WorldOfPayback.app/$(BUNDLE_EXECUTABLE_FOLDER_PATH)/WorldOfPayback";
			};
			name = Debug;
		};
		18F626A32B8E114500662542 /* Release */ = {
			isa = XCBuildConfiguration;
			buildSettings = {
				ALWAYS_EMBED_SWIFT_STANDARD_LIBRARIES = YES;
				BUNDLE_LOADER = "$(TEST_HOST)";
				CODE_SIGN_STYLE = Automatic;
				CURRENT_PROJECT_VERSION = 1;
				DEVELOPMENT_TEAM = H568TQC48W;
				GENERATE_INFOPLIST_FILE = YES;
				IPHONEOS_DEPLOYMENT_TARGET = 16.2;
				MARKETING_VERSION = 1.0;
				PRODUCT_BUNDLE_IDENTIFIER = KA.WorldOfPaybackTests;
				PRODUCT_NAME = "$(TARGET_NAME)";
				SWIFT_EMIT_LOC_STRINGS = NO;
				SWIFT_VERSION = 5.0;
				TARGETED_DEVICE_FAMILY = "1,2";
				TEST_HOST = "$(BUILT_PRODUCTS_DIR)/WorldOfPayback.app/$(BUNDLE_EXECUTABLE_FOLDER_PATH)/WorldOfPayback";
			};
			name = Release;
		};
		18F626A52B8E114500662542 /* Debug */ = {
			isa = XCBuildConfiguration;
			buildSettings = {
				ALWAYS_EMBED_SWIFT_STANDARD_LIBRARIES = YES;
				CODE_SIGN_STYLE = Automatic;
				CURRENT_PROJECT_VERSION = 1;
				DEVELOPMENT_TEAM = H568TQC48W;
				GENERATE_INFOPLIST_FILE = YES;
				MARKETING_VERSION = 1.0;
				PRODUCT_BUNDLE_IDENTIFIER = KA.WorldOfPaybackUITests;
				PRODUCT_NAME = "$(TARGET_NAME)";
				SWIFT_EMIT_LOC_STRINGS = NO;
				SWIFT_VERSION = 5.0;
				TARGETED_DEVICE_FAMILY = "1,2";
				TEST_TARGET_NAME = WorldOfPayback;
			};
			name = Debug;
		};
		18F626A62B8E114500662542 /* Release */ = {
			isa = XCBuildConfiguration;
			buildSettings = {
				ALWAYS_EMBED_SWIFT_STANDARD_LIBRARIES = YES;
				CODE_SIGN_STYLE = Automatic;
				CURRENT_PROJECT_VERSION = 1;
				DEVELOPMENT_TEAM = H568TQC48W;
				GENERATE_INFOPLIST_FILE = YES;
				MARKETING_VERSION = 1.0;
				PRODUCT_BUNDLE_IDENTIFIER = KA.WorldOfPaybackUITests;
				PRODUCT_NAME = "$(TARGET_NAME)";
				SWIFT_EMIT_LOC_STRINGS = NO;
				SWIFT_VERSION = 5.0;
				TARGETED_DEVICE_FAMILY = "1,2";
				TEST_TARGET_NAME = WorldOfPayback;
			};
			name = Release;
		};
/* End XCBuildConfiguration section */

/* Begin XCConfigurationList section */
		18F626752B8E114200662542 /* Build configuration list for PBXProject "WorldOfPayback" */ = {
			isa = XCConfigurationList;
			buildConfigurations = (
				18F6269C2B8E114500662542 /* Debug */,
				18F6269D2B8E114500662542 /* Release */,
				18AB08C52B91E6F5008C26FF /* Prod */,
			);
			defaultConfigurationIsVisible = 0;
			defaultConfigurationName = Release;
		};
		18F6269E2B8E114500662542 /* Build configuration list for PBXNativeTarget "WorldOfPayback" */ = {
			isa = XCConfigurationList;
			buildConfigurations = (
				18F6269F2B8E114500662542 /* Debug */,
				18F626A02B8E114500662542 /* Release */,
				18AB08C62B91E6F5008C26FF /* Prod */,
			);
			defaultConfigurationIsVisible = 0;
			defaultConfigurationName = Release;
		};
		18F626A12B8E114500662542 /* Build configuration list for PBXNativeTarget "WorldOfPaybackTests" */ = {
			isa = XCConfigurationList;
			buildConfigurations = (
				18F626A22B8E114500662542 /* Debug */,
				18F626A32B8E114500662542 /* Release */,
				18AB08C72B91E6F5008C26FF /* Prod */,
			);
			defaultConfigurationIsVisible = 0;
			defaultConfigurationName = Release;
		};
		18F626A42B8E114500662542 /* Build configuration list for PBXNativeTarget "WorldOfPaybackUITests" */ = {
			isa = XCConfigurationList;
			buildConfigurations = (
				18F626A52B8E114500662542 /* Debug */,
				18F626A62B8E114500662542 /* Release */,
				18AB08C82B91E6F5008C26FF /* Prod */,
			);
			defaultConfigurationIsVisible = 0;
			defaultConfigurationName = Release;
		};
/* End XCConfigurationList section */

/* Begin XCVersionGroup section */
		184DAD5E2B90A3FE0022A6B9 /* Transaction.xcdatamodeld */ = {
			isa = XCVersionGroup;
			children = (
				184DAD5F2B90A3FE0022A6B9 /* Transaction.xcdatamodel */,
			);
			currentVersion = 184DAD5F2B90A3FE0022A6B9 /* Transaction.xcdatamodel */;
			path = Transaction.xcdatamodeld;
			sourceTree = "<group>";
			versionGroupType = wrapper.xcdatamodel;
		};
/* End XCVersionGroup section */
	};
	rootObject = 18F626722B8E114200662542 /* Project object */;
}
